#
# Alarm Clock Scripts
#

morning_coffee:
  alias: Make Morning Coffee
  sequence:
    # Kill script if coffee maker isn't ready
    - condition: state
      entity_id: sensor.coffeemaker
      state: 'Ready'
    # To sync with Alarm Clock sequence...
    # Start Coffee 4 minutes in
    - delay: 00:04:00
    - service: homeassistant.turn_on
      entity_id: switch.coffeemaker

#
# Reset default_view
# 2 hours after alarm goes off
#
alarm_reset_ui:
  alias: Alarm Reset UI
  sequence:
    - delay: "00:02:00"
    - service: group.set_visibility
      data:
        entity_id: group.traveltimes,group.TodayDefault,group.TodayWeather
        visible: false
    # TURN OFF DEFAULT GROUPS
    - service: group.set_visibility
      data:
        entity_id: group.alarmclock,group.scenes,group.alarm
        visible: true

# WORK IN PROGRESS
# Does it need to be a loop? Probably
# 
# Can't turn off lights once the 'transition' command has been sent (limitlessled)
#
alarm_snooze_sequence:
  alias: Snooze Alarm Clock
  sequence:
    # Turn off Alarm Clock Sequence
    - service: script.turn_off
      entity_id: script.alarm_clock

    # Turn off radio
    - service: switch.turn_off
      entity_id: switch.radio_npr
    # Turn off bedroom lights
    - service: light.turn_off
      entity_id: light.bedroom, light.closet, light.entry

#
# 10 MINUTE ALARM SEQUENCE
#
# 0M Fade in lights, turn off torrents
# 3M Turn on bedroom lights
# 5M NPR comes on quietly, slowly transitions
# 8M Bedroom light on 100%
# 9.5M NPR at full volume
# 10M Turn on all other lights
#
alarm_clock:
  alias: Alarm Sequence
  sequence:
  # First things first... make coffee?
    - service: script.turn_on
      entity_id: script.morning_coffee

  # 10 MINUTE SEQUENCE
    - service: light.turn_on
      data:
        entity_id: light.entry, light.dining_floor_lamp, light.floor_lamp, light.globes, light.fridge, light.stove
        brightness: 255
        rgb_color: [255,255,255]
        transition: 600 # 10 minutes transition

    # Throttle Downloads
    - service: homeassistant.turn_on
      entity_id: switch.transmission_turtle_mode
    - service: homeassistant.turn_on
      entity_id: input_boolean.sabnzbd_turtle_mode

    #
    # RESET DEFAULT VIEW FOR MORNING
    # Turn on Commute Time panel in default_view
    # 
    # TURN ON MORNING RELATED GROUPS
    - service: group.set_visibility
      data:
        entity_id: group.traveltimes,group.TodayDefault,group.TodayWeather
        visible: True
    # TURN OFF DEFAULT GROUPS
    - service: group.set_visibility
      data:
        entity_id: group.alarmclock,group.scenes,group.alarm
        visible: false

    # Let lights fade in 3 minutes
    - delay: 00:03:00

   # Start fading in bedroom lights
    # Tradfri doesn't do transitions yet, so currently calling it in dim here
    - service: light.turn_on
      data:
        entity_id: light.tradfri_bulb_e26_opal_1000lm
        brightness: 125
    - delay: 00:02:00

    # 5 MINUTES INTO SEQUENCE

    # TURN ON NPR
    # raise volume 10% each minute
    # volume will be my max (.8) at same time lights are 100%
    #
    - service: input_slider.select_value
      data_template:
        entity_id: input_slider.radiovolume
        value: 30
    - delay: 00:00:45
    # turn radio on
    - service: switch.turn_on
      entity_id: switch.radio_npr
    - service: input_slider.select_value
      data_template:
        entity_id: input_slider.radiovolume
        value: 20
    - delay: 00:00:45
    # wait one minute, raise by .1
    - service: input_slider.select_value
      data_template:
        entity_id: input_slider.radiovolume
        value: 30
    - delay: 00:00:45
    - service: input_slider.select_value
      data_template:
        entity_id: input_slider.radiovolume
        value: 40
    - delay: 00:00:45
    # Start fading in bedroom lights
    # Tradfri doesn't do transitions yet, so currently calling it in dim here
    - service: light.turn_on
      data:
        entity_id: light.tradfri_bulb_e26_opal_1000lm
        brightness: 255
    - service: input_slider.select_value
      data_template:
        entity_id: input_slider.radiovolume
        value: 50
    - delay: 00:00:45
    - service: input_slider.select_value
      data_template:
        entity_id: input_slider.radiovolume
        value: 60
    - delay: 00:00:45
    - service: input_slider.select_value
      data_template:
        entity_id: input_slider.radiovolume
        value: 70
    - delay: 00:00:15

    # TURN RADIO OFF, PLAY TTS ANNOUNCEMENTS
    - service: switch.turn_off
      entity_id: switch.radio_npr
    - delay: 00:00:03
    - service: script.tts_morning_info
    - delay: 00:00:16
    - service: switch.turn_on
      entity_id: switch.radio_npr

    # 10 MINUTES INTO SEQUENCE
    #
    # Finish up, turn everything else on
    # Turn on closet/kitchen/bathroom
    - service: switch.turn_on
      entity_id: switch.sink, switch.bathroom_light, switch.edison_pendants, switch.string_lights
    - service: light.turn_on
      entity_id: light.closet

    # Timer to Reset UI 2 hours from now
    - service: script.turn_on
      entity_id: script.alarm_reset_ui

